
Microsoft Visual Studio Solution File, Format Version 12.00
# Visual Studio Version 17
VisualStudioVersion = 17.14.36121.58 d17.14
MinimumVisualStudioVersion = 10.0.40219.1
Project("{FAE04EC0-301F-11D3-BF4B-00C04F79EFBC}") = "ProductivityToolCLAVERIA", "ProductivityToolCLAVERIA.csproj", "{31D475DE-C601-491D-AFD9-DA2920ECF3EB}"
EndProject
Global
	GlobalSection(SolutionConfigurationPlatforms) = preSolution
		Debug|Any CPU = Debug|Any CPU
		Release|Any CPU = Release|Any CPU
	EndGlobalSection
	GlobalSection(ProjectConfigurationPlatforms) = postSolution
		{31D475DE-C601-491D-AFD9-DA2920ECF3EB}.Debug|Any CPU.ActiveCfg = Debug|Any CPU
		{31D475DE-C601-491D-AFD9-DA2920ECF3EB}.Debug|Any CPU.Build.0 = Debug|Any CPU
		{31D475DE-C601-491D-AFD9-DA2920ECF3EB}.Release|Any CPU.ActiveCfg = Release|Any CPU
		{31D475DE-C601-491D-AFD9-DA2920ECF3EB}.Release|Any CPU.Build.0 = Release|Any CPU
	EndGlobalSection
	GlobalSection(SolutionProperties) = preSolution
		HideSolutionNode = FALSE
	EndGlobalSection
	GlobalSection(ExtensibilityGlobals) = postSolution
		SolutionGuid = {95E56BBA-A68A-4901-BCCA-0A721FAB2190}
	EndGlobalSection
EndGlobal
